{
  "name": "filelock.json",
  "version": "0.0.2",
  "lockfileVersion": 2,
  "requires": true,
  "packages": {
    "": {
      "name": "filelock.json",
      "version": "0.0.2",
      "license": "MIT",
      "devDependencies": {
        "concurrency.js": "^0.0.2",
        "fssys": "^1.0.1",
        "get-imported": "^0.0.5",
        "git-apis": "^0.0.2",
        "hasher-apis": "^0.0.1",
        "mercurial-apis": "^0.0.1",
        "root-dirs": "^0.0.2",
        "svn-apis": "^0.0.1"
      }
    },
    "node_modules/concurrency.js": {
      "version": "0.0.2",
      "resolved": "https://registry.npmjs.org/concurrency.js/-/concurrency.js-0.0.2.tgz",
      "integrity": "sha512-7n4Gu9Lj05C/FkchSuz7iro+mh57OhzJRX7D8nkv3zWeZzXCr2U+kQ7D7MJKJNAflSgtKiZ7CmO/mduT7W3H1Q==",
      "dev": true
    },
    "node_modules/fssys": {
      "version": "1.0.1",
      "resolved": "https://registry.npmjs.org/fssys/-/fssys-1.0.1.tgz",
      "integrity": "sha512-LRsNQ+nQTpg4PQqQjVOKywCnisdH4ZkvBQTPVsal1zLOmgGTSsluV6loIE7lBwB+OE6UTKNyEMMKKFZgjRt7/g==",
      "dev": true,
      "dependencies": {
        "traverse-fs": "^0.0.9"
      }
    },
    "node_modules/get-imported": {
      "version": "0.0.5",
      "resolved": "https://registry.npmjs.org/get-imported/-/get-imported-0.0.5.tgz",
      "integrity": "sha512-cjHrXrVhdyozbKDTLk6O0Kx/lvD/FtN0oi+eTVkzpWOqlOE1vdSECTuSUnQiXvxzwIBX/y37MDjVCNv06yHHng==",
      "dev": true
    },
    "node_modules/git-apis": {
      "version": "0.0.2",
      "resolved": "https://registry.npmjs.org/git-apis/-/git-apis-0.0.2.tgz",
      "integrity": "sha512-II0JGsA5WKdya1X4YUyT0YnstdCLB2Irt6MP67EhbWgynvu1vUxANH/UC4B19TR5ibdSTwOl2jF93B84PqIgdw==",
      "dev": true,
      "dependencies": {
        "root-dirs": "^0.0.2"
      }
    },
    "node_modules/hasher-apis": {
      "version": "0.0.1",
      "resolved": "https://registry.npmjs.org/hasher-apis/-/hasher-apis-0.0.1.tgz",
      "integrity": "sha512-NI34wkDTqYCaFqIhwyRK6Z/d6m0HjqkoT71p47HE2E8It0A5IFjNojq0Alhmvj9/okwl4VD639N7Z+hdY2RpKg==",
      "dev": true
    },
    "node_modules/mercurial-apis": {
      "version": "0.0.1",
      "resolved": "https://registry.npmjs.org/mercurial-apis/-/mercurial-apis-0.0.1.tgz",
      "integrity": "sha512-U2I00Fjx1BPQZod166iNsgRZnMt/lLWhI63ZYUrvmiKNF/9or1tKnZF5Xm9MMxJYWgN5rTyBAEtpfkKT6molQA==",
      "dev": true
    },
    "node_modules/root-dirs": {
      "version": "0.0.2",
      "resolved": "https://registry.npmjs.org/root-dirs/-/root-dirs-0.0.2.tgz",
      "integrity": "sha512-IulPLvCT7jQnqUeUd1EiGU+tWHz4RMj8vegf8chp9ujVaY/XZ3O4nf+6jW8yi/tQJmGaqCq/JMLsOPcoknfBvA==",
      "dev": true
    },
    "node_modules/svn-apis": {
      "version": "0.0.1",
      "resolved": "https://registry.npmjs.org/svn-apis/-/svn-apis-0.0.1.tgz",
      "integrity": "sha512-OBRO/JAFdwE9gLcUdvX+ZrTr4Q/TdhRJfUYm+qKFJOlQsrmUnvBkLi/WmWRDha/E5E5WVCIgPJjO/aTdfIxeNA==",
      "dev": true
    },
    "node_modules/traverse-fs": {
      "version": "0.0.9",
      "resolved": "https://registry.npmjs.org/traverse-fs/-/traverse-fs-0.0.9.tgz",
      "integrity": "sha512-Nd+Lhfgsq72P7oPDH/JGulEO4/NX/6jhsGxuw0PuUXo8xJvRjVVWkaNrzRYUHyB49lY6zdHP9Z/OyGwctgYEtg==",
      "dev": true
    }
  },
  "dependencies": {
    "concurrency.js": {
      "version": "0.0.2",
      "resolved": "https://registry.npmjs.org/concurrency.js/-/concurrency.js-0.0.2.tgz",
      "integrity": "sha512-7n4Gu9Lj05C/FkchSuz7iro+mh57OhzJRX7D8nkv3zWeZzXCr2U+kQ7D7MJKJNAflSgtKiZ7CmO/mduT7W3H1Q==",
      "dev": true
    },
    "fssys": {
      "version": "1.0.1",
      "resolved": "https://registry.npmjs.org/fssys/-/fssys-1.0.1.tgz",
      "integrity": "sha512-LRsNQ+nQTpg4PQqQjVOKywCnisdH4ZkvBQTPVsal1zLOmgGTSsluV6loIE7lBwB+OE6UTKNyEMMKKFZgjRt7/g==",
      "dev": true,
      "requires": {
        "traverse-fs": "^0.0.9"
      }
    },
    "get-imported": {
      "version": "0.0.5",
      "resolved": "https://registry.npmjs.org/get-imported/-/get-imported-0.0.5.tgz",
      "integrity": "sha512-cjHrXrVhdyozbKDTLk6O0Kx/lvD/FtN0oi+eTVkzpWOqlOE1vdSECTuSUnQiXvxzwIBX/y37MDjVCNv06yHHng==",
      "dev": true
    },
    "git-apis": {
      "version": "0.0.2",
      "resolved": "https://registry.npmjs.org/git-apis/-/git-apis-0.0.2.tgz",
      "integrity": "sha512-II0JGsA5WKdya1X4YUyT0YnstdCLB2Irt6MP67EhbWgynvu1vUxANH/UC4B19TR5ibdSTwOl2jF93B84PqIgdw==",
      "dev": true,
      "requires": {
        "root-dirs": "^0.0.2"
      }
    },
    "hasher-apis": {
      "version": "0.0.1",
      "resolved": "https://registry.npmjs.org/hasher-apis/-/hasher-apis-0.0.1.tgz",
      "integrity": "sha512-NI34wkDTqYCaFqIhwyRK6Z/d6m0HjqkoT71p47HE2E8It0A5IFjNojq0Alhmvj9/okwl4VD639N7Z+hdY2RpKg==",
      "dev": true
    },
    "mercurial-apis": {
      "version": "0.0.1",
      "resolved": "https://registry.npmjs.org/mercurial-apis/-/mercurial-apis-0.0.1.tgz",
      "integrity": "sha512-U2I00Fjx1BPQZod166iNsgRZnMt/lLWhI63ZYUrvmiKNF/9or1tKnZF5Xm9MMxJYWgN5rTyBAEtpfkKT6molQA==",
      "dev": true
    },
    "root-dirs": {
      "version": "0.0.2",
      "resolved": "https://registry.npmjs.org/root-dirs/-/root-dirs-0.0.2.tgz",
      "integrity": "sha512-IulPLvCT7jQnqUeUd1EiGU+tWHz4RMj8vegf8chp9ujVaY/XZ3O4nf+6jW8yi/tQJmGaqCq/JMLsOPcoknfBvA==",
      "dev": true
    },
    "svn-apis": {
      "version": "0.0.1",
      "resolved": "https://registry.npmjs.org/svn-apis/-/svn-apis-0.0.1.tgz",
      "integrity": "sha512-OBRO/JAFdwE9gLcUdvX+ZrTr4Q/TdhRJfUYm+qKFJOlQsrmUnvBkLi/WmWRDha/E5E5WVCIgPJjO/aTdfIxeNA==",
      "dev": true
    },
    "traverse-fs": {
      "version": "0.0.9",
      "resolved": "https://registry.npmjs.org/traverse-fs/-/traverse-fs-0.0.9.tgz",
      "integrity": "sha512-Nd+Lhfgsq72P7oPDH/JGulEO4/NX/6jhsGxuw0PuUXo8xJvRjVVWkaNrzRYUHyB49lY6zdHP9Z/OyGwctgYEtg==",
      "dev": true
    }
  }
}
