{
  "name": "filelock.json",
  "version": "0.0.2",
  "lockfileVersion": 2,
  "requires": true,
  "packages": {
    "": {
      "name": "filelock.json",
      "version": "0.0.2",
      "license": "MIT",
      "dependencies": {
        "hasher-apis": "^0.0.1"
      }
    },
    "node_modules/hasher-apis": {
      "version": "0.0.1",
      "resolved": "https://registry.npmjs.org/hasher-apis/-/hasher-apis-0.0.1.tgz",
      "integrity": "sha512-NI34wkDTqYCaFqIhwyRK6Z/d6m0HjqkoT71p47HE2E8It0A5IFjNojq0Alhmvj9/okwl4VD639N7Z+hdY2RpKg=="
    }
  },
  "dependencies": {
    "hasher-apis": {
      "version": "0.0.1",
      "resolved": "https://registry.npmjs.org/hasher-apis/-/hasher-apis-0.0.1.tgz",
      "integrity": "sha512-NI34wkDTqYCaFqIhwyRK6Z/d6m0HjqkoT71p47HE2E8It0A5IFjNojq0Alhmvj9/okwl4VD639N7Z+hdY2RpKg=="
    }
  }
}
