{
  "name": "filelock.json",
  "version": "0.0.21-beta",
  "lockfileVersion": 2,
  "requires": true,
  "packages": {
    "": {
      "name": "filelock.json",
      "version": "0.0.21-beta",
      "license": "MIT",
      "devDependencies": {
        "concurrency.js": "0.0.23-beta",
        "fssys": "1.0.1",
        "get-imported": "0.0.51",
        "git-apis": "0.0.24-beta",
        "hasher-apis": "0.0.11-beta",
        "mercurial-apis": "0.0.11-beta",
        "root-dirs": "0.0.2",
        "svn-apis": "0.0.12-beta"
      }
    },
    "node_modules/concurrency.js": {
      "version": "0.0.23-beta",
      "resolved": "https://registry.npmjs.org/concurrency.js/-/concurrency.js-0.0.23-beta.tgz",
      "integrity": "sha512-3RIU57dV/uUQVRgl2Ur672CcnfOWzMcKIZOrkmWNVcdNz5ioz1oTIkQ8AZC/QfV8+vKromo1eE+AVlaSKCcjAw==",
      "dev": true
    },
    "node_modules/fssys": {
      "version": "1.0.1",
      "resolved": "https://registry.npmjs.org/fssys/-/fssys-1.0.1.tgz",
      "integrity": "sha512-LRsNQ+nQTpg4PQqQjVOKywCnisdH4ZkvBQTPVsal1zLOmgGTSsluV6loIE7lBwB+OE6UTKNyEMMKKFZgjRt7/g==",
      "dev": true,
      "dependencies": {
        "traverse-fs": "^0.0.9"
      }
    },
    "node_modules/get-imported": {
      "version": "0.0.51",
      "resolved": "https://registry.npmjs.org/get-imported/-/get-imported-0.0.51.tgz",
      "integrity": "sha512-o6nTVzksh8WZUAYRq0K6zFgdKVR4UH7nhhj9BUYSHqxGf4NegvVLAAt2/iC3uERB8A3snwj3ntIUpgpXyvdQVw==",
      "dev": true
    },
    "node_modules/git-apis": {
      "version": "0.0.24-beta",
      "resolved": "https://registry.npmjs.org/git-apis/-/git-apis-0.0.24-beta.tgz",
      "integrity": "sha512-3fmeIlY+IUbhZDSLCmeR6r+H2hxFJJtaygExcepdjlvjrz8J9BgYBJx9PQTWAoC6HVR5737vkdiW0HMc9nNSCw==",
      "dev": true,
      "dependencies": {
        "concurrency.js": "^0.0.2",
        "request-apis": "^0.0.1"
      }
    },
    "node_modules/git-apis/node_modules/concurrency.js": {
      "version": "0.0.2",
      "resolved": "https://registry.npmjs.org/concurrency.js/-/concurrency.js-0.0.2.tgz",
      "integrity": "sha512-7n4Gu9Lj05C/FkchSuz7iro+mh57OhzJRX7D8nkv3zWeZzXCr2U+kQ7D7MJKJNAflSgtKiZ7CmO/mduT7W3H1Q==",
      "dev": true
    },
    "node_modules/hasher-apis": {
      "version": "0.0.11-beta",
      "resolved": "https://registry.npmjs.org/hasher-apis/-/hasher-apis-0.0.11-beta.tgz",
      "integrity": "sha512-57jmOkjA90oqRgcinsQR+Ix2+8lRxJ0jm8fSbFumAz6danPbVb8l1rHGJY3eupeIJzJF6Mtr1b8tuCNbjl+18w==",
      "dev": true
    },
    "node_modules/mercurial-apis": {
      "version": "0.0.11-beta",
      "resolved": "https://registry.npmjs.org/mercurial-apis/-/mercurial-apis-0.0.11-beta.tgz",
      "integrity": "sha512-xdRGjmlClgt2zIhdWpTwm2qaE0+xNJ2kOxsl0MAaC2RMio0v9lTKDWeGjW/s6L/oghvnvwUwENoT8OmIMVWb3Q==",
      "dev": true
    },
    "node_modules/request-apis": {
      "version": "0.0.1",
      "resolved": "https://registry.npmjs.org/request-apis/-/request-apis-0.0.1.tgz",
      "integrity": "sha512-LyqgI85FB+Y0xBYQ6rPdyfao2Run/meM09usPAPBpf/Ud98WG+gy2LdOprUq7JY/JbmPhhtMSwgiw/25hfFplg==",
      "dev": true
    },
    "node_modules/root-dirs": {
      "version": "0.0.2",
      "resolved": "https://registry.npmjs.org/root-dirs/-/root-dirs-0.0.2.tgz",
      "integrity": "sha512-IulPLvCT7jQnqUeUd1EiGU+tWHz4RMj8vegf8chp9ujVaY/XZ3O4nf+6jW8yi/tQJmGaqCq/JMLsOPcoknfBvA==",
      "dev": true
    },
    "node_modules/svn-apis": {
      "version": "0.0.12-beta",
      "resolved": "https://registry.npmjs.org/svn-apis/-/svn-apis-0.0.12-beta.tgz",
      "integrity": "sha512-up8gN9pEDHOgfCSFrlxVmyW3yEQY2PpXoAl81XSWi+bcMUF8Xx6I3DYvNiph//Z4CVkbThUeZ8GmYU92tHL7Ow==",
      "dev": true
    },
    "node_modules/traverse-fs": {
      "version": "0.0.9",
      "resolved": "https://registry.npmjs.org/traverse-fs/-/traverse-fs-0.0.9.tgz",
      "integrity": "sha512-Nd+Lhfgsq72P7oPDH/JGulEO4/NX/6jhsGxuw0PuUXo8xJvRjVVWkaNrzRYUHyB49lY6zdHP9Z/OyGwctgYEtg==",
      "dev": true
    }
  },
  "dependencies": {
    "concurrency.js": {
      "version": "0.0.23-beta",
      "resolved": "https://registry.npmjs.org/concurrency.js/-/concurrency.js-0.0.23-beta.tgz",
      "integrity": "sha512-3RIU57dV/uUQVRgl2Ur672CcnfOWzMcKIZOrkmWNVcdNz5ioz1oTIkQ8AZC/QfV8+vKromo1eE+AVlaSKCcjAw==",
      "dev": true
    },
    "fssys": {
      "version": "1.0.1",
      "resolved": "https://registry.npmjs.org/fssys/-/fssys-1.0.1.tgz",
      "integrity": "sha512-LRsNQ+nQTpg4PQqQjVOKywCnisdH4ZkvBQTPVsal1zLOmgGTSsluV6loIE7lBwB+OE6UTKNyEMMKKFZgjRt7/g==",
      "dev": true,
      "requires": {
        "traverse-fs": "^0.0.9"
      }
    },
    "get-imported": {
      "version": "0.0.51",
      "resolved": "https://registry.npmjs.org/get-imported/-/get-imported-0.0.51.tgz",
      "integrity": "sha512-o6nTVzksh8WZUAYRq0K6zFgdKVR4UH7nhhj9BUYSHqxGf4NegvVLAAt2/iC3uERB8A3snwj3ntIUpgpXyvdQVw==",
      "dev": true
    },
    "git-apis": {
      "version": "0.0.24-beta",
      "resolved": "https://registry.npmjs.org/git-apis/-/git-apis-0.0.24-beta.tgz",
      "integrity": "sha512-3fmeIlY+IUbhZDSLCmeR6r+H2hxFJJtaygExcepdjlvjrz8J9BgYBJx9PQTWAoC6HVR5737vkdiW0HMc9nNSCw==",
      "dev": true,
      "requires": {
        "concurrency.js": "^0.0.2",
        "request-apis": "^0.0.1"
      },
      "dependencies": {
        "concurrency.js": {
          "version": "0.0.2",
          "resolved": "https://registry.npmjs.org/concurrency.js/-/concurrency.js-0.0.2.tgz",
          "integrity": "sha512-7n4Gu9Lj05C/FkchSuz7iro+mh57OhzJRX7D8nkv3zWeZzXCr2U+kQ7D7MJKJNAflSgtKiZ7CmO/mduT7W3H1Q==",
          "dev": true
        }
      }
    },
    "hasher-apis": {
      "version": "0.0.11-beta",
      "resolved": "https://registry.npmjs.org/hasher-apis/-/hasher-apis-0.0.11-beta.tgz",
      "integrity": "sha512-57jmOkjA90oqRgcinsQR+Ix2+8lRxJ0jm8fSbFumAz6danPbVb8l1rHGJY3eupeIJzJF6Mtr1b8tuCNbjl+18w==",
      "dev": true
    },
    "mercurial-apis": {
      "version": "0.0.11-beta",
      "resolved": "https://registry.npmjs.org/mercurial-apis/-/mercurial-apis-0.0.11-beta.tgz",
      "integrity": "sha512-xdRGjmlClgt2zIhdWpTwm2qaE0+xNJ2kOxsl0MAaC2RMio0v9lTKDWeGjW/s6L/oghvnvwUwENoT8OmIMVWb3Q==",
      "dev": true
    },
    "request-apis": {
      "version": "0.0.1",
      "resolved": "https://registry.npmjs.org/request-apis/-/request-apis-0.0.1.tgz",
      "integrity": "sha512-LyqgI85FB+Y0xBYQ6rPdyfao2Run/meM09usPAPBpf/Ud98WG+gy2LdOprUq7JY/JbmPhhtMSwgiw/25hfFplg==",
      "dev": true
    },
    "root-dirs": {
      "version": "0.0.2",
      "resolved": "https://registry.npmjs.org/root-dirs/-/root-dirs-0.0.2.tgz",
      "integrity": "sha512-IulPLvCT7jQnqUeUd1EiGU+tWHz4RMj8vegf8chp9ujVaY/XZ3O4nf+6jW8yi/tQJmGaqCq/JMLsOPcoknfBvA==",
      "dev": true
    },
    "svn-apis": {
      "version": "0.0.12-beta",
      "resolved": "https://registry.npmjs.org/svn-apis/-/svn-apis-0.0.12-beta.tgz",
      "integrity": "sha512-up8gN9pEDHOgfCSFrlxVmyW3yEQY2PpXoAl81XSWi+bcMUF8Xx6I3DYvNiph//Z4CVkbThUeZ8GmYU92tHL7Ow==",
      "dev": true
    },
    "traverse-fs": {
      "version": "0.0.9",
      "resolved": "https://registry.npmjs.org/traverse-fs/-/traverse-fs-0.0.9.tgz",
      "integrity": "sha512-Nd+Lhfgsq72P7oPDH/JGulEO4/NX/6jhsGxuw0PuUXo8xJvRjVVWkaNrzRYUHyB49lY6zdHP9Z/OyGwctgYEtg==",
      "dev": true
    }
  }
}
